
Microsoft Visual Studio Solution File, Format Version 12.00
# Visual Studio 2015
Project("{FAE04EC0-301F-11D3-BF4B-00C04F79EFBC}") = "Zombie Project 2D", "Zombie Project 2D.csproj", "{3C3AD6C4-2470-CCA1-A6F4-4F90BC58FD69}"
EndProject
Global
	GlobalSection(SolutionConfigurationPlatforms) = preSolution
		Debug|Any CPU = Debug|Any CPU
		Release|Any CPU = Release|Any CPU
	EndGlobalSection
	GlobalSection(ProjectConfigurationPlatforms) = postSolution
		{3C3AD6C4-2470-CCA1-A6F4-4F90BC58FD69}.Debug|Any CPU.ActiveCfg = Debug|Any CPU
		{3C3AD6C4-2470-CCA1-A6F4-4F90BC58FD69}.Debug|Any CPU.Build.0 = Debug|Any CPU
		{3C3AD6C4-2470-CCA1-A6F4-4F90BC58FD69}.Release|Any CPU.ActiveCfg = Release|Any CPU
		{3C3AD6C4-2470-CCA1-A6F4-4F90BC58FD69}.Release|Any CPU.Build.0 = Release|Any CPU
	EndGlobalSection
	GlobalSection(SolutionProperties) = preSolution
		HideSolutionNode = FALSE
	EndGlobalSection
EndGlobal
